// !$*UTF8*$!
{
	archiveVersion = 1;
	classes = {
	};
	objectVersion = 46;
	objects = {

/* Begin PBXBuildFile section */
		0E9C81BE1030459100FE8C32 /* Pods.framework in Frameworks */ = {isa = PBXBuildFile; fileRef = 6D9AFA4E3F77CF0653774E8A /* Pods.framework */; };
		638730B51DCA9D0E00D26A10 /* DPRDashboardTableViewController.m in Sources */ = {isa = PBXBuildFile; fileRef = 638730B41DCA9D0E00D26A10 /* DPRDashboardTableViewController.m */; };
		638730B81DCA9D2000D26A10 /* DPRWorkoutsTableViewController.m in Sources */ = {isa = PBXBuildFile; fileRef = 638730B71DCA9D2000D26A10 /* DPRWorkoutsTableViewController.m */; };
		638730BC1DCA9DE900D26A10 /* DPRUIHelper.m in Sources */ = {isa = PBXBuildFile; fileRef = 638730BB1DCA9DE900D26A10 /* DPRUIHelper.m */; };
		638730BF1DCAA03700D26A10 /* DPRDashboardTableViewCell.m in Sources */ = {isa = PBXBuildFile; fileRef = 638730BE1DCAA03700D26A10 /* DPRDashboardTableViewCell.m */; };
		6395880C1DC8401000ADDBC3 /* main.m in Sources */ = {isa = PBXBuildFile; fileRef = 6395880B1DC8401000ADDBC3 /* main.m */; };
		6395880F1DC8401000ADDBC3 /* AppDelegate.m in Sources */ = {isa = PBXBuildFile; fileRef = 6395880E1DC8401000ADDBC3 /* AppDelegate.m */; };
		639588151DC8401000ADDBC3 /* Main.storyboard in Resources */ = {isa = PBXBuildFile; fileRef = 639588131DC8401000ADDBC3 /* Main.storyboard */; };
		639588181DC8401000ADDBC3 /* GymShare.xcdatamodeld in Sources */ = {isa = PBXBuildFile; fileRef = 639588161DC8401000ADDBC3 /* GymShare.xcdatamodeld */; };
		6395881A1DC8401000ADDBC3 /* Assets.xcassets in Resources */ = {isa = PBXBuildFile; fileRef = 639588191DC8401000ADDBC3 /* Assets.xcassets */; };
		6395881D1DC8401000ADDBC3 /* LaunchScreen.storyboard in Resources */ = {isa = PBXBuildFile; fileRef = 6395881B1DC8401000ADDBC3 /* LaunchScreen.storyboard */; };
		639588281DC8401000ADDBC3 /* GymShareTests.m in Sources */ = {isa = PBXBuildFile; fileRef = 639588271DC8401000ADDBC3 /* GymShareTests.m */; };
		639588331DC8401000ADDBC3 /* GymShareUITests.m in Sources */ = {isa = PBXBuildFile; fileRef = 639588321DC8401000ADDBC3 /* GymShareUITests.m */; };
		639588441DC8416C00ADDBC3 /* Bolts.framework in Frameworks */ = {isa = PBXBuildFile; fileRef = 639588401DC8416C00ADDBC3 /* Bolts.framework */; };
		639588451DC8416C00ADDBC3 /* FBSDKCoreKit.framework in Frameworks */ = {isa = PBXBuildFile; fileRef = 639588411DC8416C00ADDBC3 /* FBSDKCoreKit.framework */; };
		639588461DC8416C00ADDBC3 /* FBSDKLoginKit.framework in Frameworks */ = {isa = PBXBuildFile; fileRef = 639588421DC8416C00ADDBC3 /* FBSDKLoginKit.framework */; };
		639588471DC8416C00ADDBC3 /* FBSDKShareKit.framework in Frameworks */ = {isa = PBXBuildFile; fileRef = 639588431DC8416C00ADDBC3 /* FBSDKShareKit.framework */; };
		6395884B1DC8436300ADDBC3 /* DPRLoginVC.m in Sources */ = {isa = PBXBuildFile; fileRef = 6395884A1DC8436300ADDBC3 /* DPRLoginVC.m */; };
		6395885A1DC85A6C00ADDBC3 /* GoogleService-Info.plist in Resources */ = {isa = PBXBuildFile; fileRef = 639588591DC85A6C00ADDBC3 /* GoogleService-Info.plist */; };
		6395885D1DC85DC100ADDBC3 /* UIColor+CustomColors.m in Sources */ = {isa = PBXBuildFile; fileRef = 6395885C1DC85DC100ADDBC3 /* UIColor+CustomColors.m */; };
/* End PBXBuildFile section */

/* Begin PBXContainerItemProxy section */
		639588241DC8401000ADDBC3 /* PBXContainerItemProxy */ = {
			isa = PBXContainerItemProxy;
			containerPortal = 639587FF1DC8400F00ADDBC3 /* Project object */;
			proxyType = 1;
			remoteGlobalIDString = 639588061DC8400F00ADDBC3;
			remoteInfo = GymShare;
		};
		6395882F1DC8401000ADDBC3 /* PBXContainerItemProxy */ = {
			isa = PBXContainerItemProxy;
			containerPortal = 639587FF1DC8400F00ADDBC3 /* Project object */;
			proxyType = 1;
			remoteGlobalIDString = 639588061DC8400F00ADDBC3;
			remoteInfo = GymShare;
		};
/* End PBXContainerItemProxy section */

/* Begin PBXFileReference section */
		48CFC45036EC3C227A84DB91 /* Pods.release.xcconfig */ = {isa = PBXFileReference; includeInIndex = 1; lastKnownFileType = text.xcconfig; name = Pods.release.xcconfig; path = "Pods/Target Support Files/Pods/Pods.release.xcconfig"; sourceTree = "<group>"; };
		601B7F588582D0CCA1DB88C2 /* Pods.debug.xcconfig */ = {isa = PBXFileReference; includeInIndex = 1; lastKnownFileType = text.xcconfig; name = Pods.debug.xcconfig; path = "Pods/Target Support Files/Pods/Pods.debug.xcconfig"; sourceTree = "<group>"; };
		638730B31DCA9D0E00D26A10 /* DPRDashboardTableViewController.h */ = {isa = PBXFileReference; fileEncoding = 4; lastKnownFileType = sourcecode.c.h; path = DPRDashboardTableViewController.h; sourceTree = "<group>"; };
		638730B41DCA9D0E00D26A10 /* DPRDashboardTableViewController.m */ = {isa = PBXFileReference; fileEncoding = 4; lastKnownFileType = sourcecode.c.objc; path = DPRDashboardTableViewController.m; sourceTree = "<group>"; };
		638730B61DCA9D2000D26A10 /* DPRWorkoutsTableViewController.h */ = {isa = PBXFileReference; fileEncoding = 4; lastKnownFileType = sourcecode.c.h; path = DPRWorkoutsTableViewController.h; sourceTree = "<group>"; };
		638730B71DCA9D2000D26A10 /* DPRWorkoutsTableViewController.m */ = {isa = PBXFileReference; fileEncoding = 4; lastKnownFileType = sourcecode.c.objc; path = DPRWorkoutsTableViewController.m; sourceTree = "<group>"; };
		638730BA1DCA9DE900D26A10 /* DPRUIHelper.h */ = {isa = PBXFileReference; fileEncoding = 4; lastKnownFileType = sourcecode.c.h; path = DPRUIHelper.h; sourceTree = "<group>"; };
		638730BB1DCA9DE900D26A10 /* DPRUIHelper.m */ = {isa = PBXFileReference; fileEncoding = 4; lastKnownFileType = sourcecode.c.objc; path = DPRUIHelper.m; sourceTree = "<group>"; };
		638730BD1DCAA03700D26A10 /* DPRDashboardTableViewCell.h */ = {isa = PBXFileReference; fileEncoding = 4; lastKnownFileType = sourcecode.c.h; path = DPRDashboardTableViewCell.h; sourceTree = "<group>"; };
		638730BE1DCAA03700D26A10 /* DPRDashboardTableViewCell.m */ = {isa = PBXFileReference; fileEncoding = 4; lastKnownFileType = sourcecode.c.objc; path = DPRDashboardTableViewCell.m; sourceTree = "<group>"; };
		639588071DC8401000ADDBC3 /* GymShare.app */ = {isa = PBXFileReference; explicitFileType = wrapper.application; includeInIndex = 0; path = GymShare.app; sourceTree = BUILT_PRODUCTS_DIR; };
		6395880B1DC8401000ADDBC3 /* main.m */ = {isa = PBXFileReference; lastKnownFileType = sourcecode.c.objc; path = main.m; sourceTree = "<group>"; };
		6395880D1DC8401000ADDBC3 /* AppDelegate.h */ = {isa = PBXFileReference; lastKnownFileType = sourcecode.c.h; path = AppDelegate.h; sourceTree = "<group>"; };
		6395880E1DC8401000ADDBC3 /* AppDelegate.m */ = {isa = PBXFileReference; lastKnownFileType = sourcecode.c.objc; path = AppDelegate.m; sourceTree = "<group>"; };
		639588141DC8401000ADDBC3 /* Base */ = {isa = PBXFileReference; lastKnownFileType = file.storyboard; name = Base; path = Base.lproj/Main.storyboard; sourceTree = "<group>"; };
		639588171DC8401000ADDBC3 /* GymShare.xcdatamodel */ = {isa = PBXFileReference; lastKnownFileType = wrapper.xcdatamodel; path = GymShare.xcdatamodel; sourceTree = "<group>"; };
		639588191DC8401000ADDBC3 /* Assets.xcassets */ = {isa = PBXFileReference; lastKnownFileType = folder.assetcatalog; path = Assets.xcassets; sourceTree = "<group>"; };
		6395881C1DC8401000ADDBC3 /* Base */ = {isa = PBXFileReference; lastKnownFileType = file.storyboard; name = Base; path = Base.lproj/LaunchScreen.storyboard; sourceTree = "<group>"; };
		6395881E1DC8401000ADDBC3 /* Info.plist */ = {isa = PBXFileReference; lastKnownFileType = text.plist.xml; path = Info.plist; sourceTree = "<group>"; };
		639588231DC8401000ADDBC3 /* GymShareTests.xctest */ = {isa = PBXFileReference; explicitFileType = wrapper.cfbundle; includeInIndex = 0; path = GymShareTests.xctest; sourceTree = BUILT_PRODUCTS_DIR; };
		639588271DC8401000ADDBC3 /* GymShareTests.m */ = {isa = PBXFileReference; lastKnownFileType = sourcecode.c.objc; path = GymShareTests.m; sourceTree = "<group>"; };
		639588291DC8401000ADDBC3 /* Info.plist */ = {isa = PBXFileReference; lastKnownFileType = text.plist.xml; path = Info.plist; sourceTree = "<group>"; };
		6395882E1DC8401000ADDBC3 /* GymShareUITests.xctest */ = {isa = PBXFileReference; explicitFileType = wrapper.cfbundle; includeInIndex = 0; path = GymShareUITests.xctest; sourceTree = BUILT_PRODUCTS_DIR; };
		639588321DC8401000ADDBC3 /* GymShareUITests.m */ = {isa = PBXFileReference; lastKnownFileType = sourcecode.c.objc; path = GymShareUITests.m; sourceTree = "<group>"; };
		639588341DC8401000ADDBC3 /* Info.plist */ = {isa = PBXFileReference; lastKnownFileType = text.plist.xml; path = Info.plist; sourceTree = "<group>"; };
		639588401DC8416C00ADDBC3 /* Bolts.framework */ = {isa = PBXFileReference; lastKnownFileType = wrapper.framework; path = Bolts.framework; sourceTree = "<group>"; };
		639588411DC8416C00ADDBC3 /* FBSDKCoreKit.framework */ = {isa = PBXFileReference; lastKnownFileType = wrapper.framework; path = FBSDKCoreKit.framework; sourceTree = "<group>"; };
		639588421DC8416C00ADDBC3 /* FBSDKLoginKit.framework */ = {isa = PBXFileReference; lastKnownFileType = wrapper.framework; path = FBSDKLoginKit.framework; sourceTree = "<group>"; };
		639588431DC8416C00ADDBC3 /* FBSDKShareKit.framework */ = {isa = PBXFileReference; lastKnownFileType = wrapper.framework; path = FBSDKShareKit.framework; sourceTree = "<group>"; };
		639588491DC8436300ADDBC3 /* DPRLoginVC.h */ = {isa = PBXFileReference; fileEncoding = 4; lastKnownFileType = sourcecode.c.h; path = DPRLoginVC.h; sourceTree = "<group>"; };
		6395884A1DC8436300ADDBC3 /* DPRLoginVC.m */ = {isa = PBXFileReference; fileEncoding = 4; lastKnownFileType = sourcecode.c.objc; path = DPRLoginVC.m; sourceTree = "<group>"; };
		639588591DC85A6C00ADDBC3 /* GoogleService-Info.plist */ = {isa = PBXFileReference; fileEncoding = 4; lastKnownFileType = text.plist.xml; path = "GoogleService-Info.plist"; sourceTree = "<group>"; };
		6395885B1DC85DC100ADDBC3 /* UIColor+CustomColors.h */ = {isa = PBXFileReference; fileEncoding = 4; lastKnownFileType = sourcecode.c.h; path = "UIColor+CustomColors.h"; sourceTree = "<group>"; };
		6395885C1DC85DC100ADDBC3 /* UIColor+CustomColors.m */ = {isa = PBXFileReference; fileEncoding = 4; lastKnownFileType = sourcecode.c.objc; path = "UIColor+CustomColors.m"; sourceTree = "<group>"; };
		6D9AFA4E3F77CF0653774E8A /* Pods.framework */ = {isa = PBXFileReference; explicitFileType = wrapper.framework; includeInIndex = 0; path = Pods.framework; sourceTree = BUILT_PRODUCTS_DIR; };
/* End PBXFileReference section */

/* Begin PBXFrameworksBuildPhase section */
		639588041DC8400F00ADDBC3 /* Frameworks */ = {
			isa = PBXFrameworksBuildPhase;
			buildActionMask = 2147483647;
			files = (
				639588471DC8416C00ADDBC3 /* FBSDKShareKit.framework in Frameworks */,
				639588441DC8416C00ADDBC3 /* Bolts.framework in Frameworks */,
				639588451DC8416C00ADDBC3 /* FBSDKCoreKit.framework in Frameworks */,
				639588461DC8416C00ADDBC3 /* FBSDKLoginKit.framework in Frameworks */,
				0E9C81BE1030459100FE8C32 /* Pods.framework in Frameworks */,
			);
			runOnlyForDeploymentPostprocessing = 0;
		};
		639588201DC8401000ADDBC3 /* Frameworks */ = {
			isa = PBXFrameworksBuildPhase;
			buildActionMask = 2147483647;
			files = (
			);
			runOnlyForDeploymentPostprocessing = 0;
		};
		6395882B1DC8401000ADDBC3 /* Frameworks */ = {
			isa = PBXFrameworksBuildPhase;
			buildActionMask = 2147483647;
			files = (
			);
			runOnlyForDeploymentPostprocessing = 0;
		};
/* End PBXFrameworksBuildPhase section */

/* Begin PBXGroup section */
		1B4B549460B17292837D56E0 /* Pods */ = {
			isa = PBXGroup;
			children = (
				601B7F588582D0CCA1DB88C2 /* Pods.debug.xcconfig */,
				48CFC45036EC3C227A84DB91 /* Pods.release.xcconfig */,
			);
			name = Pods;
			sourceTree = "<group>";
		};
		638730B91DCA9DDB00D26A10 /* Helper */ = {
			isa = PBXGroup;
			children = (
				638730BA1DCA9DE900D26A10 /* DPRUIHelper.h */,
				638730BB1DCA9DE900D26A10 /* DPRUIHelper.m */,
			);
			name = Helper;
			sourceTree = "<group>";
		};
		639587FE1DC8400F00ADDBC3 = {
			isa = PBXGroup;
			children = (
				639588091DC8401000ADDBC3 /* GymShare */,
				639588261DC8401000ADDBC3 /* GymShareTests */,
				639588311DC8401000ADDBC3 /* GymShareUITests */,
				639588081DC8401000ADDBC3 /* Products */,
				1B4B549460B17292837D56E0 /* Pods */,
				F9AA78116CF47B9339039460 /* Frameworks */,
			);
			sourceTree = "<group>";
		};
		639588081DC8401000ADDBC3 /* Products */ = {
			isa = PBXGroup;
			children = (
				639588071DC8401000ADDBC3 /* GymShare.app */,
				639588231DC8401000ADDBC3 /* GymShareTests.xctest */,
				6395882E1DC8401000ADDBC3 /* GymShareUITests.xctest */,
			);
			name = Products;
			sourceTree = "<group>";
		};
		639588091DC8401000ADDBC3 /* GymShare */ = {
			isa = PBXGroup;
			children = (
				6395880D1DC8401000ADDBC3 /* AppDelegate.h */,
				6395880E1DC8401000ADDBC3 /* AppDelegate.m */,
				639588131DC8401000ADDBC3 /* Main.storyboard */,
				6395884C1DC8436C00ADDBC3 /* Controller */,
				6395884D1DC8437500ADDBC3 /* Model */,
				6395884E1DC8437900ADDBC3 /* View */,
				638730B91DCA9DDB00D26A10 /* Helper */,
				6395880A1DC8401000ADDBC3 /* Supporting Files */,
				639588481DC8417000ADDBC3 /* Frameworks */,
			);
			path = GymShare;
			sourceTree = "<group>";
		};
		6395880A1DC8401000ADDBC3 /* Supporting Files */ = {
			isa = PBXGroup;
			children = (
				6395885B1DC85DC100ADDBC3 /* UIColor+CustomColors.h */,
				6395885C1DC85DC100ADDBC3 /* UIColor+CustomColors.m */,
				639588191DC8401000ADDBC3 /* Assets.xcassets */,
				6395881B1DC8401000ADDBC3 /* LaunchScreen.storyboard */,
				6395881E1DC8401000ADDBC3 /* Info.plist */,
				639588161DC8401000ADDBC3 /* GymShare.xcdatamodeld */,
				639588591DC85A6C00ADDBC3 /* GoogleService-Info.plist */,
				6395880B1DC8401000ADDBC3 /* main.m */,
			);
			name = "Supporting Files";
			sourceTree = "<group>";
		};
		639588261DC8401000ADDBC3 /* GymShareTests */ = {
			isa = PBXGroup;
			children = (
				639588271DC8401000ADDBC3 /* GymShareTests.m */,
				639588291DC8401000ADDBC3 /* Info.plist */,
			);
			path = GymShareTests;
			sourceTree = "<group>";
		};
		639588311DC8401000ADDBC3 /* GymShareUITests */ = {
			isa = PBXGroup;
			children = (
				639588321DC8401000ADDBC3 /* GymShareUITests.m */,
				639588341DC8401000ADDBC3 /* Info.plist */,
			);
			path = GymShareUITests;
			sourceTree = "<group>";
		};
		639588481DC8417000ADDBC3 /* Frameworks */ = {
			isa = PBXGroup;
			children = (
				639588401DC8416C00ADDBC3 /* Bolts.framework */,
				639588411DC8416C00ADDBC3 /* FBSDKCoreKit.framework */,
				639588421DC8416C00ADDBC3 /* FBSDKLoginKit.framework */,
				639588431DC8416C00ADDBC3 /* FBSDKShareKit.framework */,
			);
			name = Frameworks;
			sourceTree = "<group>";
		};
		6395884C1DC8436C00ADDBC3 /* Controller */ = {
			isa = PBXGroup;
			children = (
				639588491DC8436300ADDBC3 /* DPRLoginVC.h */,
				6395884A1DC8436300ADDBC3 /* DPRLoginVC.m */,
				638730B31DCA9D0E00D26A10 /* DPRDashboardTableViewController.h */,
				638730B41DCA9D0E00D26A10 /* DPRDashboardTableViewController.m */,
				638730B61DCA9D2000D26A10 /* DPRWorkoutsTableViewController.h */,
				638730B71DCA9D2000D26A10 /* DPRWorkoutsTableViewController.m */,
			);
			name = Controller;
			sourceTree = "<group>";
		};
		6395884D1DC8437500ADDBC3 /* Model */ = {
			isa = PBXGroup;
			children = (
			);
			name = Model;
			sourceTree = "<group>";
		};
		6395884E1DC8437900ADDBC3 /* View */ = {
			isa = PBXGroup;
			children = (
				638730BD1DCAA03700D26A10 /* DPRDashboardTableViewCell.h */,
				638730BE1DCAA03700D26A10 /* DPRDashboardTableViewCell.m */,
			);
			name = View;
			sourceTree = "<group>";
		};
		F9AA78116CF47B9339039460 /* Frameworks */ = {
			isa = PBXGroup;
			children = (
				6D9AFA4E3F77CF0653774E8A /* Pods.framework */,
			);
			name = Frameworks;
			sourceTree = "<group>";
		};
/* End PBXGroup section */

/* Begin PBXNativeTarget section */
		639588061DC8400F00ADDBC3 /* GymShare */ = {
			isa = PBXNativeTarget;
			buildConfigurationList = 639588371DC8401000ADDBC3 /* Build configuration list for PBXNativeTarget "GymShare" */;
			buildPhases = (
				D6BADF6BF546D3D82EBE6ECC /* Check Pods Manifest.lock */,
				639588031DC8400F00ADDBC3 /* Sources */,
				639588041DC8400F00ADDBC3 /* Frameworks */,
				639588051DC8400F00ADDBC3 /* Resources */,
				448B8C4DF9B633A0FB2FC777 /* Embed Pods Frameworks */,
				C770879960C408AB2DB78ADB /* Copy Pods Resources */,
			);
			buildRules = (
			);
			dependencies = (
			);
			name = GymShare;
			productName = GymShare;
			productReference = 639588071DC8401000ADDBC3 /* GymShare.app */;
			productType = "com.apple.product-type.application";
		};
		639588221DC8401000ADDBC3 /* GymShareTests */ = {
			isa = PBXNativeTarget;
			buildConfigurationList = 6395883A1DC8401000ADDBC3 /* Build configuration list for PBXNativeTarget "GymShareTests" */;
			buildPhases = (
				6395881F1DC8401000ADDBC3 /* Sources */,
				639588201DC8401000ADDBC3 /* Frameworks */,
				639588211DC8401000ADDBC3 /* Resources */,
			);
			buildRules = (
			);
			dependencies = (
				639588251DC8401000ADDBC3 /* PBXTargetDependency */,
			);
			name = GymShareTests;
			productName = GymShareTests;
			productReference = 639588231DC8401000ADDBC3 /* GymShareTests.xctest */;
			productType = "com.apple.product-type.bundle.unit-test";
		};
		6395882D1DC8401000ADDBC3 /* GymShareUITests */ = {
			isa = PBXNativeTarget;
			buildConfigurationList = 6395883D1DC8401000ADDBC3 /* Build configuration list for PBXNativeTarget "GymShareUITests" */;
			buildPhases = (
				6395882A1DC8401000ADDBC3 /* Sources */,
				6395882B1DC8401000ADDBC3 /* Frameworks */,
				6395882C1DC8401000ADDBC3 /* Resources */,
			);
			buildRules = (
			);
			dependencies = (
				639588301DC8401000ADDBC3 /* PBXTargetDependency */,
			);
			name = GymShareUITests;
			productName = GymShareUITests;
			productReference = 6395882E1DC8401000ADDBC3 /* GymShareUITests.xctest */;
			productType = "com.apple.product-type.bundle.ui-testing";
		};
/* End PBXNativeTarget section */

/* Begin PBXProject section */
		639587FF1DC8400F00ADDBC3 /* Project object */ = {
			isa = PBXProject;
			attributes = {
				LastUpgradeCheck = 0800;
				ORGANIZATIONNAME = "David Richardson";
				TargetAttributes = {
					639588061DC8400F00ADDBC3 = {
						CreatedOnToolsVersion = 8.0;
						DevelopmentTeam = VMJMB92Y2W;
						ProvisioningStyle = Automatic;
					};
					639588221DC8401000ADDBC3 = {
						CreatedOnToolsVersion = 8.0;
						DevelopmentTeam = VMJMB92Y2W;
						ProvisioningStyle = Automatic;
						TestTargetID = 639588061DC8400F00ADDBC3;
					};
					6395882D1DC8401000ADDBC3 = {
						CreatedOnToolsVersion = 8.0;
						DevelopmentTeam = VMJMB92Y2W;
						ProvisioningStyle = Automatic;
						TestTargetID = 639588061DC8400F00ADDBC3;
					};
				};
			};
			buildConfigurationList = 639588021DC8400F00ADDBC3 /* Build configuration list for PBXProject "GymShare" */;
			compatibilityVersion = "Xcode 3.2";
			developmentRegion = English;
			hasScannedForEncodings = 0;
			knownRegions = (
				en,
				Base,
			);
			mainGroup = 639587FE1DC8400F00ADDBC3;
			productRefGroup = 639588081DC8401000ADDBC3 /* Products */;
			projectDirPath = "";
			projectRoot = "";
			targets = (
				639588061DC8400F00ADDBC3 /* GymShare */,
				639588221DC8401000ADDBC3 /* GymShareTests */,
				6395882D1DC8401000ADDBC3 /* GymShareUITests */,
			);
		};
/* End PBXProject section */

/* Begin PBXResourcesBuildPhase section */
		639588051DC8400F00ADDBC3 /* Resources */ = {
			isa = PBXResourcesBuildPhase;
			buildActionMask = 2147483647;
			files = (
				6395881D1DC8401000ADDBC3 /* LaunchScreen.storyboard in Resources */,
				6395881A1DC8401000ADDBC3 /* Assets.xcassets in Resources */,
				639588151DC8401000ADDBC3 /* Main.storyboard in Resources */,
				6395885A1DC85A6C00ADDBC3 /* GoogleService-Info.plist in Resources */,
			);
			runOnlyForDeploymentPostprocessing = 0;
		};
		639588211DC8401000ADDBC3 /* Resources */ = {
			isa = PBXResourcesBuildPhase;
			buildActionMask = 2147483647;
			files = (
			);
			runOnlyForDeploymentPostprocessing = 0;
		};
		6395882C1DC8401000ADDBC3 /* Resources */ = {
			isa = PBXResourcesBuildPhase;
			buildActionMask = 2147483647;
			files = (
			);
			runOnlyForDeploymentPostprocessing = 0;
		};
/* End PBXResourcesBuildPhase section */

/* Begin PBXShellScriptBuildPhase section */
		448B8C4DF9B633A0FB2FC777 /* Embed Pods Frameworks */ = {
			isa = PBXShellScriptBuildPhase;
			buildActionMask = 2147483647;
			files = (
			);
			inputPaths = (
			);
			name = "Embed Pods Frameworks";
			outputPaths = (
			);
			runOnlyForDeploymentPostprocessing = 0;
			shellPath = /bin/sh;
			shellScript = "\"${SRCROOT}/Pods/Target Support Files/Pods/Pods-frameworks.sh\"\n";
			showEnvVarsInLog = 0;
		};
		C770879960C408AB2DB78ADB /* Copy Pods Resources */ = {
			isa = PBXShellScriptBuildPhase;
			buildActionMask = 2147483647;
			files = (
			);
			inputPaths = (
			);
			name = "Copy Pods Resources";
			outputPaths = (
			);
			runOnlyForDeploymentPostprocessing = 0;
			shellPath = /bin/sh;
			shellScript = "\"${SRCROOT}/Pods/Target Support Files/Pods/Pods-resources.sh\"\n";
			showEnvVarsInLog = 0;
		};
		D6BADF6BF546D3D82EBE6ECC /* Check Pods Manifest.lock */ = {
			isa = PBXShellScriptBuildPhase;
			buildActionMask = 2147483647;
			files = (
			);
			inputPaths = (
			);
			name = "Check Pods Manifest.lock";
			outputPaths = (
			);
			runOnlyForDeploymentPostprocessing = 0;
			shellPath = /bin/sh;
			shellScript = "diff \"${PODS_ROOT}/../Podfile.lock\" \"${PODS_ROOT}/Manifest.lock\" > /dev/null\nif [[ $? != 0 ]] ; then\n    cat << EOM\nerror: The sandbox is not in sync with the Podfile.lock. Run 'pod install' or update your CocoaPods installation.\nEOM\n    exit 1\nfi\n";
			showEnvVarsInLog = 0;
		};
/* End PBXShellScriptBuildPhase section */

/* Begin PBXSourcesBuildPhase section */
		639588031DC8400F00ADDBC3 /* Sources */ = {
			isa = PBXSourcesBuildPhase;
			buildActionMask = 2147483647;
			files = (
				639588181DC8401000ADDBC3 /* GymShare.xcdatamodeld in Sources */,
				638730BF1DCAA03700D26A10 /* DPRDashboardTableViewCell.m in Sources */,
				638730B51DCA9D0E00D26A10 /* DPRDashboardTableViewController.m in Sources */,
				6395880F1DC8401000ADDBC3 /* AppDelegate.m in Sources */,
				638730B81DCA9D2000D26A10 /* DPRWorkoutsTableViewController.m in Sources */,
				638730BC1DCA9DE900D26A10 /* DPRUIHelper.m in Sources */,
				6395885D1DC85DC100ADDBC3 /* UIColor+CustomColors.m in Sources */,
				6395880C1DC8401000ADDBC3 /* main.m in Sources */,
				6395884B1DC8436300ADDBC3 /* DPRLoginVC.m in Sources */,
			);
			runOnlyForDeploymentPostprocessing = 0;
		};
		6395881F1DC8401000ADDBC3 /* Sources */ = {
			isa = PBXSourcesBuildPhase;
			buildActionMask = 2147483647;
			files = (
				639588281DC8401000ADDBC3 /* GymShareTests.m in Sources */,
			);
			runOnlyForDeploymentPostprocessing = 0;
		};
		6395882A1DC8401000ADDBC3 /* Sources */ = {
			isa = PBXSourcesBuildPhase;
			buildActionMask = 2147483647;
			files = (
				639588331DC8401000ADDBC3 /* GymShareUITests.m in Sources */,
			);
			runOnlyForDeploymentPostprocessing = 0;
		};
/* End PBXSourcesBuildPhase section */

/* Begin PBXTargetDependency section */
		639588251DC8401000ADDBC3 /* PBXTargetDependency */ = {
			isa = PBXTargetDependency;
			target = 639588061DC8400F00ADDBC3 /* GymShare */;
			targetProxy = 639588241DC8401000ADDBC3 /* PBXContainerItemProxy */;
		};
		639588301DC8401000ADDBC3 /* PBXTargetDependency */ = {
			isa = PBXTargetDependency;
			target = 639588061DC8400F00ADDBC3 /* GymShare */;
			targetProxy = 6395882F1DC8401000ADDBC3 /* PBXContainerItemProxy */;
		};
/* End PBXTargetDependency section */

/* Begin PBXVariantGroup section */
		639588131DC8401000ADDBC3 /* Main.storyboard */ = {
			isa = PBXVariantGroup;
			children = (
				639588141DC8401000ADDBC3 /* Base */,
			);
			name = Main.storyboard;
			sourceTree = "<group>";
		};
		6395881B1DC8401000ADDBC3 /* LaunchScreen.storyboard */ = {
			isa = PBXVariantGroup;
			children = (
				6395881C1DC8401000ADDBC3 /* Base */,
			);
			name = LaunchScreen.storyboard;
			sourceTree = "<group>";
		};
/* End PBXVariantGroup section */

/* Begin XCBuildConfiguration section */
		639588351DC8401000ADDBC3 /* Debug */ = {
			isa = XCBuildConfiguration;
			buildSettings = {
				ALWAYS_SEARCH_USER_PATHS = NO;
				CLANG_ANALYZER_NONNULL = YES;
				CLANG_CXX_LANGUAGE_STANDARD = "gnu++0x";
				CLANG_CXX_LIBRARY = "libc++";
				CLANG_ENABLE_MODULES = YES;
				CLANG_ENABLE_OBJC_ARC = YES;
				CLANG_WARN_BOOL_CONVERSION = YES;
				CLANG_WARN_CONSTANT_CONVERSION = YES;
				CLANG_WARN_DIRECT_OBJC_ISA_USAGE = YES_ERROR;
				CLANG_WARN_DOCUMENTATION_COMMENTS = YES;
				CLANG_WARN_EMPTY_BODY = YES;
				CLANG_WARN_ENUM_CONVERSION = YES;
				CLANG_WARN_INFINITE_RECURSION = YES;
				CLANG_WARN_INT_CONVERSION = YES;
				CLANG_WARN_OBJC_ROOT_CLASS = YES_ERROR;
				CLANG_WARN_SUSPICIOUS_MOVES = YES;
				CLANG_WARN_UNREACHABLE_CODE = YES;
				CLANG_WARN__DUPLICATE_METHOD_MATCH = YES;
				"CODE_SIGN_IDENTITY[sdk=iphoneos*]" = "iPhone Developer";
				COPY_PHASE_STRIP = NO;
				DEBUG_INFORMATION_FORMAT = dwarf;
				ENABLE_STRICT_OBJC_MSGSEND = YES;
				ENABLE_TESTABILITY = YES;
				GCC_C_LANGUAGE_STANDARD = gnu99;
				GCC_DYNAMIC_NO_PIC = NO;
				GCC_NO_COMMON_BLOCKS = YES;
				GCC_OPTIMIZATION_LEVEL = 0;
				GCC_PREPROCESSOR_DEFINITIONS = (
					"DEBUG=1",
					"$(inherited)",
				);
				GCC_WARN_64_TO_32_BIT_CONVERSION = YES;
				GCC_WARN_ABOUT_RETURN_TYPE = YES_ERROR;
				GCC_WARN_UNDECLARED_SELECTOR = YES;
				GCC_WARN_UNINITIALIZED_AUTOS = YES_AGGRESSIVE;
				GCC_WARN_UNUSED_FUNCTION = YES;
				GCC_WARN_UNUSED_VARIABLE = YES;
				IPHONEOS_DEPLOYMENT_TARGET = 10.0;
				MTL_ENABLE_DEBUG_INFO = YES;
				ONLY_ACTIVE_ARCH = YES;
				SDKROOT = iphoneos;
			};
			name = Debug;
		};
		639588361DC8401000ADDBC3 /* Release */ = {
			isa = XCBuildConfiguration;
			buildSettings = {
				ALWAYS_SEARCH_USER_PATHS = NO;
				CLANG_ANALYZER_NONNULL = YES;
				CLANG_CXX_LANGUAGE_STANDARD = "gnu++0x";
				CLANG_CXX_LIBRARY = "libc++";
				CLANG_ENABLE_MODULES = YES;
				CLANG_ENABLE_OBJC_ARC = YES;
				CLANG_WARN_BOOL_CONVERSION = YES;
				CLANG_WARN_CONSTANT_CONVERSION = YES;
				CLANG_WARN_DIRECT_OBJC_ISA_USAGE = YES_ERROR;
				CLANG_WARN_DOCUMENTATION_COMMENTS = YES;
				CLANG_WARN_EMPTY_BODY = YES;
				CLANG_WARN_ENUM_CONVERSION = YES;
				CLANG_WARN_INFINITE_RECURSION = YES;
				CLANG_WARN_INT_CONVERSION = YES;
				CLANG_WARN_OBJC_ROOT_CLASS = YES_ERROR;
				CLANG_WARN_SUSPICIOUS_MOVES = YES;
				CLANG_WARN_UNREACHABLE_CODE = YES;
				CLANG_WARN__DUPLICATE_METHOD_MATCH = YES;
				"CODE_SIGN_IDENTITY[sdk=iphoneos*]" = "iPhone Developer";
				COPY_PHASE_STRIP = NO;
				DEBUG_INFORMATION_FORMAT = "dwarf-with-dsym";
				ENABLE_NS_ASSERTIONS = NO;
				ENABLE_STRICT_OBJC_MSGSEND = YES;
				GCC_C_LANGUAGE_STANDARD = gnu99;
				GCC_NO_COMMON_BLOCKS = YES;
				GCC_WARN_64_TO_32_BIT_CONVERSION = YES;
				GCC_WARN_ABOUT_RETURN_TYPE = YES_ERROR;
				GCC_WARN_UNDECLARED_SELECTOR = YES;
				GCC_WARN_UNINITIALIZED_AUTOS = YES_AGGRESSIVE;
				GCC_WARN_UNUSED_FUNCTION = YES;
				GCC_WARN_UNUSED_VARIABLE = YES;
				IPHONEOS_DEPLOYMENT_TARGET = 10.0;
				MTL_ENABLE_DEBUG_INFO = NO;
				SDKROOT = iphoneos;
				VALIDATE_PRODUCT = YES;
			};
			name = Release;
		};
		639588381DC8401000ADDBC3 /* Debug */ = {
			isa = XCBuildConfiguration;
			baseConfigurationReference = 601B7F588582D0CCA1DB88C2 /* Pods.debug.xcconfig */;
			buildSettings = {
				ASSETCATALOG_COMPILER_APPICON_NAME = AppIcon;
				DEVELOPMENT_TEAM = VMJMB92Y2W;
				FRAMEWORK_SEARCH_PATHS = (
					"$(inherited)",
					"$(PROJECT_DIR)/GymShare",
				);
				INFOPLIST_FILE = GymShare/Info.plist;
				LD_RUNPATH_SEARCH_PATHS = "$(inherited) @executable_path/Frameworks";
				PRODUCT_BUNDLE_IDENTIFIER = edu.usc.GymShare;
				PRODUCT_NAME = "$(TARGET_NAME)";
			};
			name = Debug;
		};
		639588391DC8401000ADDBC3 /* Release */ = {
			isa = XCBuildConfiguration;
			baseConfigurationReference = 48CFC45036EC3C227A84DB91 /* Pods.release.xcconfig */;
			buildSettings = {
				ASSETCATALOG_COMPILER_APPICON_NAME = AppIcon;
				DEVELOPMENT_TEAM = VMJMB92Y2W;
				FRAMEWORK_SEARCH_PATHS = (
					"$(inherited)",
					"$(PROJECT_DIR)/GymShare",
				);
				INFOPLIST_FILE = GymShare/Info.plist;
				LD_RUNPATH_SEARCH_PATHS = "$(inherited) @executable_path/Frameworks";
				PRODUCT_BUNDLE_IDENTIFIER = edu.usc.GymShare;
				PRODUCT_NAME = "$(TARGET_NAME)";
			};
			name = Release;
		};
		6395883B1DC8401000ADDBC3 /* Debug */ = {
			isa = XCBuildConfiguration;
			buildSettings = {
				BUNDLE_LOADER = "$(TEST_HOST)";
				DEVELOPMENT_TEAM = VMJMB92Y2W;
				INFOPLIST_FILE = GymShareTests/Info.plist;
				LD_RUNPATH_SEARCH_PATHS = "$(inherited) @executable_path/Frameworks @loader_path/Frameworks";
				PRODUCT_BUNDLE_IDENTIFIER = edu.usc.GymShareTests;
				PRODUCT_NAME = "$(TARGET_NAME)";
				TEST_HOST = "$(BUILT_PRODUCTS_DIR)/GymShare.app/GymShare";
			};
			name = Debug;
		};
		6395883C1DC8401000ADDBC3 /* Release */ = {
			isa = XCBuildConfiguration;
			buildSettings = {
				BUNDLE_LOADER = "$(TEST_HOST)";
				DEVELOPMENT_TEAM = VMJMB92Y2W;
				INFOPLIST_FILE = GymShareTests/Info.plist;
				LD_RUNPATH_SEARCH_PATHS = "$(inherited) @executable_path/Frameworks @loader_path/Frameworks";
				PRODUCT_BUNDLE_IDENTIFIER = edu.usc.GymShareTests;
				PRODUCT_NAME = "$(TARGET_NAME)";
				TEST_HOST = "$(BUILT_PRODUCTS_DIR)/GymShare.app/GymShare";
			};
			name = Release;
		};
		6395883E1DC8401000ADDBC3 /* Debug */ = {
			isa = XCBuildConfiguration;
			buildSettings = {
				DEVELOPMENT_TEAM = VMJMB92Y2W;
				INFOPLIST_FILE = GymShareUITests/Info.plist;
				LD_RUNPATH_SEARCH_PATHS = "$(inherited) @executable_path/Frameworks @loader_path/Frameworks";
				PRODUCT_BUNDLE_IDENTIFIER = edu.usc.GymShareUITests;
				PRODUCT_NAME = "$(TARGET_NAME)";
				TEST_TARGET_NAME = GymShare;
			};
			name = Debug;
		};
		6395883F1DC8401000ADDBC3 /* Release */ = {
			isa = XCBuildConfiguration;
			buildSettings = {
				DEVELOPMENT_TEAM = VMJMB92Y2W;
				INFOPLIST_FILE = GymShareUITests/Info.plist;
				LD_RUNPATH_SEARCH_PATHS = "$(inherited) @executable_path/Frameworks @loader_path/Frameworks";
				PRODUCT_BUNDLE_IDENTIFIER = edu.usc.GymShareUITests;
				PRODUCT_NAME = "$(TARGET_NAME)";
				TEST_TARGET_NAME = GymShare;
			};
			name = Release;
		};
/* End XCBuildConfiguration section */

/* Begin XCConfigurationList section */
		639588021DC8400F00ADDBC3 /* Build configuration list for PBXProject "GymShare" */ = {
			isa = XCConfigurationList;
			buildConfigurations = (
				639588351DC8401000ADDBC3 /* Debug */,
				639588361DC8401000ADDBC3 /* Release */,
			);
			defaultConfigurationIsVisible = 0;
			defaultConfigurationName = Release;
		};
		639588371DC8401000ADDBC3 /* Build configuration list for PBXNativeTarget "GymShare" */ = {
			isa = XCConfigurationList;
			buildConfigurations = (
				639588381DC8401000ADDBC3 /* Debug */,
				639588391DC8401000ADDBC3 /* Release */,
			);
			defaultConfigurationIsVisible = 0;
			defaultConfigurationName = Release;
		};
		6395883A1DC8401000ADDBC3 /* Build configuration list for PBXNativeTarget "GymShareTests" */ = {
			isa = XCConfigurationList;
			buildConfigurations = (
				6395883B1DC8401000ADDBC3 /* Debug */,
				6395883C1DC8401000ADDBC3 /* Release */,
			);
			defaultConfigurationIsVisible = 0;
			defaultConfigurationName = Release;
		};
		6395883D1DC8401000ADDBC3 /* Build configuration list for PBXNativeTarget "GymShareUITests" */ = {
			isa = XCConfigurationList;
			buildConfigurations = (
				6395883E1DC8401000ADDBC3 /* Debug */,
				6395883F1DC8401000ADDBC3 /* Release */,
			);
			defaultConfigurationIsVisible = 0;
			defaultConfigurationName = Release;
		};
/* End XCConfigurationList section */

/* Begin XCVersionGroup section */
		639588161DC8401000ADDBC3 /* GymShare.xcdatamodeld */ = {
			isa = XCVersionGroup;
			children = (
				639588171DC8401000ADDBC3 /* GymShare.xcdatamodel */,
			);
			currentVersion = 639588171DC8401000ADDBC3 /* GymShare.xcdatamodel */;
			path = GymShare.xcdatamodeld;
			sourceTree = "<group>";
			versionGroupType = wrapper.xcdatamodel;
		};
/* End XCVersionGroup section */
	};
	rootObject = 639587FF1DC8400F00ADDBC3 /* Project object */;
}
